
Microsoft Visual Studio Solution File, Format Version 12.00
# Visual Studio Version 16
VisualStudioVersion = 16.0.32106.194
MinimumVisualStudioVersion = 10.0.40219.1
Project("{FAE04EC0-301F-11D3-BF4B-00C04F79EFBC}") = "NesneyeDayalıProgramlamaProjeÖdevi", "NesneyeDayalıProgramlamaProjeÖdevi\NesneyeDayalıProgramlamaProjeÖdevi.csproj", "{F314F719-361E-440B-A3AE-12E6A89C9762}"
EndProject
Global
	GlobalSection(SolutionConfigurationPlatforms) = preSolution
		Debug|Any CPU = Debug|Any CPU
		Release|Any CPU = Release|Any CPU
	EndGlobalSection
	GlobalSection(ProjectConfigurationPlatforms) = postSolution
		{F314F719-361E-440B-A3AE-12E6A89C9762}.Debug|Any CPU.ActiveCfg = Debug|Any CPU
		{F314F719-361E-440B-A3AE-12E6A89C9762}.Debug|Any CPU.Build.0 = Debug|Any CPU
		{F314F719-361E-440B-A3AE-12E6A89C9762}.Release|Any CPU.ActiveCfg = Release|Any CPU
		{F314F719-361E-440B-A3AE-12E6A89C9762}.Release|Any CPU.Build.0 = Release|Any CPU
	EndGlobalSection
	GlobalSection(SolutionProperties) = preSolution
		HideSolutionNode = FALSE
	EndGlobalSection
	GlobalSection(ExtensibilityGlobals) = postSolution
		SolutionGuid = {9B4E6FA8-88DC-413B-B930-E8FEB5C67AF3}
	EndGlobalSection
EndGlobal
